
Microsoft Visual Studio Solution File, Format Version 12.00
# Visual Studio Version 16
VisualStudioVersion = 16.0.31229.75
MinimumVisualStudioVersion = 10.0.40219.1
Project("{FAE04EC0-301F-11D3-BF4B-00C04F79EFBC}") = "MVC_Camp", "MVC_Camp\MVC_Camp.csproj", "{52A71215-B408-46BF-AAB8-F1F88ECB1814}"
EndProject
Project("{FAE04EC0-301F-11D3-BF4B-00C04F79EFBC}") = "EntityLayer", "EntityLayer\EntityLayer.csproj", "{CCD4D876-E6DD-4E91-8479-20A9379F1A43}"
EndProject
Project("{FAE04EC0-301F-11D3-BF4B-00C04F79EFBC}") = "BusinessLayer", "BusinessLayer\BusinessLayer.csproj", "{C69ADF0E-102E-4FA6-8EA9-721CB06C83A6}"
EndProject
Project("{FAE04EC0-301F-11D3-BF4B-00C04F79EFBC}") = "DataAccessLayer", "DataAccessLayer\DataAccessLayer.csproj", "{DF0379E4-52E0-41D0-9E6C-2BE2113FC9E5}"
EndProject
Global
	GlobalSection(SolutionConfigurationPlatforms) = preSolution
		Debug|Any CPU = Debug|Any CPU
		Release|Any CPU = Release|Any CPU
	EndGlobalSection
	GlobalSection(ProjectConfigurationPlatforms) = postSolution
		{52A71215-B408-46BF-AAB8-F1F88ECB1814}.Debug|Any CPU.ActiveCfg = Debug|Any CPU
		{52A71215-B408-46BF-AAB8-F1F88ECB1814}.Debug|Any CPU.Build.0 = Debug|Any CPU
		{52A71215-B408-46BF-AAB8-F1F88ECB1814}.Release|Any CPU.ActiveCfg = Release|Any CPU
		{52A71215-B408-46BF-AAB8-F1F88ECB1814}.Release|Any CPU.Build.0 = Release|Any CPU
		{CCD4D876-E6DD-4E91-8479-20A9379F1A43}.Debug|Any CPU.ActiveCfg = Debug|Any CPU
		{CCD4D876-E6DD-4E91-8479-20A9379F1A43}.Debug|Any CPU.Build.0 = Debug|Any CPU
		{CCD4D876-E6DD-4E91-8479-20A9379F1A43}.Release|Any CPU.ActiveCfg = Release|Any CPU
		{CCD4D876-E6DD-4E91-8479-20A9379F1A43}.Release|Any CPU.Build.0 = Release|Any CPU
		{C69ADF0E-102E-4FA6-8EA9-721CB06C83A6}.Debug|Any CPU.ActiveCfg = Debug|Any CPU
		{C69ADF0E-102E-4FA6-8EA9-721CB06C83A6}.Debug|Any CPU.Build.0 = Debug|Any CPU
		{C69ADF0E-102E-4FA6-8EA9-721CB06C83A6}.Release|Any CPU.ActiveCfg = Release|Any CPU
		{C69ADF0E-102E-4FA6-8EA9-721CB06C83A6}.Release|Any CPU.Build.0 = Release|Any CPU
		{DF0379E4-52E0-41D0-9E6C-2BE2113FC9E5}.Debug|Any CPU.ActiveCfg = Debug|Any CPU
		{DF0379E4-52E0-41D0-9E6C-2BE2113FC9E5}.Debug|Any CPU.Build.0 = Debug|Any CPU
		{DF0379E4-52E0-41D0-9E6C-2BE2113FC9E5}.Release|Any CPU.ActiveCfg = Release|Any CPU
		{DF0379E4-52E0-41D0-9E6C-2BE2113FC9E5}.Release|Any CPU.Build.0 = Release|Any CPU
	EndGlobalSection
	GlobalSection(SolutionProperties) = preSolution
		HideSolutionNode = FALSE
	EndGlobalSection
	GlobalSection(ExtensibilityGlobals) = postSolution
		SolutionGuid = {03FE0C84-CD7F-460E-9B21-6214B9B04F3C}
	EndGlobalSection
EndGlobal
